// !$*UTF8*$!
{
	archiveVersion = 1;
	classes = {
	};
	objectVersion = 56;
	objects = {

/* Begin PBXBuildFile section */
		DA0AEA2B29E338C8005834F5 /* SegmentedControl + Extension.swift in Sources */ = {isa = PBXBuildFile; fileRef = DA0AEA2A29E338C8005834F5 /* SegmentedControl + Extension.swift */; };
		DA0AEA2D29E344DF005834F5 /* ListViewController.swift in Sources */ = {isa = PBXBuildFile; fileRef = DA0AEA2C29E344DF005834F5 /* ListViewController.swift */; };
		DA0AEA3129E346B0005834F5 /* MainTabBarController.swift in Sources */ = {isa = PBXBuildFile; fileRef = DA0AEA3029E346B0005834F5 /* MainTabBarController.swift */; };
		DA0AEA3329E346F4005834F5 /* PeopleViewController.swift in Sources */ = {isa = PBXBuildFile; fileRef = DA0AEA3229E346F4005834F5 /* PeopleViewController.swift */; };
		DA299DE929EF1386001F5131 /* ChatRequestViewController.swift in Sources */ = {isa = PBXBuildFile; fileRef = DA299DE829EF1386001F5131 /* ChatRequestViewController.swift */; };
		DA299DEB29F00E30001F5131 /* GoogleService-Info.plist in Resources */ = {isa = PBXBuildFile; fileRef = DA299DEA29F00E30001F5131 /* GoogleService-Info.plist */; };
		DA299DEE29F0105D001F5131 /* FirebaseAnalytics in Frameworks */ = {isa = PBXBuildFile; productRef = DA299DED29F0105D001F5131 /* FirebaseAnalytics */; };
		DA299DF029F0105D001F5131 /* FirebaseAuth in Frameworks */ = {isa = PBXBuildFile; productRef = DA299DEF29F0105D001F5131 /* FirebaseAuth */; };
		DA299DF229F0105D001F5131 /* FirebaseDatabase in Frameworks */ = {isa = PBXBuildFile; productRef = DA299DF129F0105D001F5131 /* FirebaseDatabase */; };
		DA299DF429F0105D001F5131 /* FirebaseStorage in Frameworks */ = {isa = PBXBuildFile; productRef = DA299DF329F0105D001F5131 /* FirebaseStorage */; };
		DA299DF729F05EBB001F5131 /* AuthService.swift in Sources */ = {isa = PBXBuildFile; fileRef = DA299DF629F05EBB001F5131 /* AuthService.swift */; };
		DA299DF929F06723001F5131 /* Validators.swift in Sources */ = {isa = PBXBuildFile; fileRef = DA299DF829F06723001F5131 /* Validators.swift */; };
		DA299DFB29F069B7001F5131 /* AuthError.swift in Sources */ = {isa = PBXBuildFile; fileRef = DA299DFA29F069B7001F5131 /* AuthError.swift */; };
		DA2E860B29FC5317009133F6 /* StorageService.swift in Sources */ = {isa = PBXBuildFile; fileRef = DA2E860A29FC5316009133F6 /* StorageService.swift */; };
		DA2E860D29FC55E7009133F6 /* UIImage + Extension.swift in Sources */ = {isa = PBXBuildFile; fileRef = DA2E860C29FC55E7009133F6 /* UIImage + Extension.swift */; };
		DA3193B329F13864008B03F8 /* AuthNavigationDelegate.swift in Sources */ = {isa = PBXBuildFile; fileRef = DA3193B229F13864008B03F8 /* AuthNavigationDelegate.swift */; };
		DA3193B529F13C7E008B03F8 /* FirestoreService.swift in Sources */ = {isa = PBXBuildFile; fileRef = DA3193B429F13C7E008B03F8 /* FirestoreService.swift */; };
		DA3193B829F13D5A008B03F8 /* FirebaseFirestore in Frameworks */ = {isa = PBXBuildFile; productRef = DA3193B729F13D5A008B03F8 /* FirebaseFirestore */; };
		DA3193BA29F13FC4008B03F8 /* UserError.swift in Sources */ = {isa = PBXBuildFile; fileRef = DA3193B929F13FC4008B03F8 /* UserError.swift */; };
		DA3A7C0B29E1B87500662330 /* AppDelegate.swift in Sources */ = {isa = PBXBuildFile; fileRef = DA3A7C0A29E1B87500662330 /* AppDelegate.swift */; };
		DA3A7C0D29E1B87500662330 /* SceneDelegate.swift in Sources */ = {isa = PBXBuildFile; fileRef = DA3A7C0C29E1B87500662330 /* SceneDelegate.swift */; };
		DA3A7C0F29E1B87500662330 /* AuthViewController.swift in Sources */ = {isa = PBXBuildFile; fileRef = DA3A7C0E29E1B87500662330 /* AuthViewController.swift */; };
		DA3A7C1429E1B87700662330 /* Assets.xcassets in Resources */ = {isa = PBXBuildFile; fileRef = DA3A7C1329E1B87700662330 /* Assets.xcassets */; };
		DA3A7C1729E1B87700662330 /* LaunchScreen.storyboard in Resources */ = {isa = PBXBuildFile; fileRef = DA3A7C1529E1B87700662330 /* LaunchScreen.storyboard */; };
		DA3A7C1F29E1C4B300662330 /* UIButton + Extension.swift in Sources */ = {isa = PBXBuildFile; fileRef = DA3A7C1E29E1C4B300662330 /* UIButton + Extension.swift */; };
		DA3A7C2129E1C79F00662330 /* UIFont + Extension.swift in Sources */ = {isa = PBXBuildFile; fileRef = DA3A7C2029E1C79F00662330 /* UIFont + Extension.swift */; };
		DA3A7C2529E1CCBD00662330 /* UILabel + Extension.swift in Sources */ = {isa = PBXBuildFile; fileRef = DA3A7C2429E1CCBD00662330 /* UILabel + Extension.swift */; };
		DA3A7C2729E1CDE400662330 /* UIImageView + Extension.swift in Sources */ = {isa = PBXBuildFile; fileRef = DA3A7C2629E1CDE400662330 /* UIImageView + Extension.swift */; };
		DA3A7C2C29E1D33000662330 /* ButtonFormView.swift in Sources */ = {isa = PBXBuildFile; fileRef = DA3A7C2B29E1D33000662330 /* ButtonFormView.swift */; };
		DA3A7C2E29E1D80200662330 /* UIStackView + Extension.swift in Sources */ = {isa = PBXBuildFile; fileRef = DA3A7C2D29E1D80200662330 /* UIStackView + Extension.swift */; };
		DA3A7C3029E1FCB000662330 /* SignUpViewController.swift in Sources */ = {isa = PBXBuildFile; fileRef = DA3A7C2F29E1FCB000662330 /* SignUpViewController.swift */; };
		DA3A7C3229E2006D00662330 /* OneLineTextField.swift in Sources */ = {isa = PBXBuildFile; fileRef = DA3A7C3129E2006D00662330 /* OneLineTextField.swift */; };
		DA3A7C3429E21ADC00662330 /* LoginViewController.swift in Sources */ = {isa = PBXBuildFile; fileRef = DA3A7C3329E21ADC00662330 /* LoginViewController.swift */; };
		DA3A7C3629E225FE00662330 /* SetupProfileViewController.swift in Sources */ = {isa = PBXBuildFile; fileRef = DA3A7C3529E225FE00662330 /* SetupProfileViewController.swift */; };
		DA3A7C3829E228C900662330 /* AddPhotoView.swift in Sources */ = {isa = PBXBuildFile; fileRef = DA3A7C3729E228C900662330 /* AddPhotoView.swift */; };
		DA55DE3029F2AB0E000A739C /* GoogleSignIn in Frameworks */ = {isa = PBXBuildFile; productRef = DA55DE2F29F2AB0E000A739C /* GoogleSignIn */; };
		DA55DE3229F2B505000A739C /* GoogleSignInSwift in Frameworks */ = {isa = PBXBuildFile; productRef = DA55DE3129F2B505000A739C /* GoogleSignInSwift */; };
		DA7326AA29ED6E3900D01C56 /* UserCell.swift in Sources */ = {isa = PBXBuildFile; fileRef = DA7326A929ED6E3900D01C56 /* UserCell.swift */; };
		DA7326AC29ED6FED00D01C56 /* UIViewController + Extension.swift in Sources */ = {isa = PBXBuildFile; fileRef = DA7326AB29ED6FED00D01C56 /* UIViewController + Extension.swift */; };
		DA7326AE29EDC3F900D01C56 /* ProfileViewController.swift in Sources */ = {isa = PBXBuildFile; fileRef = DA7326AD29EDC3F900D01C56 /* ProfileViewController.swift */; };
		DA7326B029EDCEBE00D01C56 /* InsertableTextField.swift in Sources */ = {isa = PBXBuildFile; fileRef = DA7326AF29EDCEBE00D01C56 /* InsertableTextField.swift */; };
		DA7326B229EDD2A200D01C56 /* UIView + Extention.swift in Sources */ = {isa = PBXBuildFile; fileRef = DA7326B129EDD2A200D01C56 /* UIView + Extention.swift */; };
		DA73AB4C29E8722A00E81FC3 /* ActiveChatCell.swift in Sources */ = {isa = PBXBuildFile; fileRef = DA73AB4B29E8722A00E81FC3 /* ActiveChatCell.swift */; };
		DA73AB4E29E8723C00E81FC3 /* WaitingChatCell.swift in Sources */ = {isa = PBXBuildFile; fileRef = DA73AB4D29E8723C00E81FC3 /* WaitingChatCell.swift */; };
		DA73AB5029E8917400E81FC3 /* GradientView.swift in Sources */ = {isa = PBXBuildFile; fileRef = DA73AB4F29E8917400E81FC3 /* GradientView.swift */; };
		DA73AB5229E8998F00E81FC3 /* SelfConfiguringCell.swift in Sources */ = {isa = PBXBuildFile; fileRef = DA73AB5129E8998F00E81FC3 /* SelfConfiguringCell.swift */; };
		DAA43C8B2A33CC580011DB66 /* ProfileNavigation.swift in Sources */ = {isa = PBXBuildFile; fileRef = DAA43C8A2A33CC580011DB66 /* ProfileNavigation.swift */; };
		DAA43C8D2A33D1AA0011DB66 /* ChatError.swift in Sources */ = {isa = PBXBuildFile; fileRef = DAA43C8C2A33D1AA0011DB66 /* ChatError.swift */; };
		DAA43C8F2A371DFF0011DB66 /* ActivePlugCell.swift in Sources */ = {isa = PBXBuildFile; fileRef = DAA43C8E2A371DFF0011DB66 /* ActivePlugCell.swift */; };
		DAA43C912A3720A70011DB66 /* WaitingPlugCell.swift in Sources */ = {isa = PBXBuildFile; fileRef = DAA43C902A3720A70011DB66 /* WaitingPlugCell.swift */; };
		DAAC1AB52A155EC500CCC6BF /* UIScrollView + Extension.swift in Sources */ = {isa = PBXBuildFile; fileRef = DAAC1AB42A155EC500CCC6BF /* UIScrollView + Extension.swift */; };
		DAB3DA1C29FF11B7009FF25F /* MMessage.swift in Sources */ = {isa = PBXBuildFile; fileRef = DAB3DA1B29FF11B7009FF25F /* MMessage.swift */; };
		DAB4654929E9DDE100DC15EE /* SectionHeader.swift in Sources */ = {isa = PBXBuildFile; fileRef = DAB4654829E9DDE100DC15EE /* SectionHeader.swift */; };
		DABFF25E29FAFC9800FAD63A /* UIApplication + Extension.swift in Sources */ = {isa = PBXBuildFile; fileRef = DABFF25D29FAFC9800FAD63A /* UIApplication + Extension.swift */; };
		DAC1D57C2A17976500B2262E /* EyeButton.swift in Sources */ = {isa = PBXBuildFile; fileRef = DAC1D57B2A17976500B2262E /* EyeButton.swift */; };
		DADB7A0629E7399F00EAD05E /* activeChats.json in Resources */ = {isa = PBXBuildFile; fileRef = DADB7A0429E7399E00EAD05E /* activeChats.json */; };
		DADB7A0729E7399F00EAD05E /* waitingChats.json in Resources */ = {isa = PBXBuildFile; fileRef = DADB7A0529E7399F00EAD05E /* waitingChats.json */; };
		DADB7A0929E739F700EAD05E /* Bundle-Decodable.swift in Sources */ = {isa = PBXBuildFile; fileRef = DADB7A0829E739F700EAD05E /* Bundle-Decodable.swift */; };
		DAEFC24429FEF4EB00E07774 /* ListenerService.swift in Sources */ = {isa = PBXBuildFile; fileRef = DAEFC24329FEF4EB00E07774 /* ListenerService.swift */; };
		DAEFC24729FEFCD600E07774 /* SDWebImage in Frameworks */ = {isa = PBXBuildFile; productRef = DAEFC24629FEFCD600E07774 /* SDWebImage */; };
		DAF3E38D2A09887A008A1FFB /* MSender.swift in Sources */ = {isa = PBXBuildFile; fileRef = DAF3E38C2A09887A008A1FFB /* MSender.swift */; };
		DAF7853829EC74D90057712C /* users.json in Resources */ = {isa = PBXBuildFile; fileRef = DAF7853729EC74D80057712C /* users.json */; };
		DAF7853C29EC76F10057712C /* MChat.swift in Sources */ = {isa = PBXBuildFile; fileRef = DAF7853B29EC76F10057712C /* MChat.swift */; };
		DAF7853E29EC76FC0057712C /* MUser.swift in Sources */ = {isa = PBXBuildFile; fileRef = DAF7853D29EC76FC0057712C /* MUser.swift */; };
		DAFB0D1F2A083FEB00D301E7 /* WaitingChatNavigation.swift in Sources */ = {isa = PBXBuildFile; fileRef = DAFB0D1E2A083FEB00D301E7 /* WaitingChatNavigation.swift */; };
		DAFB0D222A08636600D301E7 /* MessageKit in Frameworks */ = {isa = PBXBuildFile; productRef = DAFB0D212A08636600D301E7 /* MessageKit */; };
		DAFB0D262A086A2E00D301E7 /* ChatsViewController.swift in Sources */ = {isa = PBXBuildFile; fileRef = DAFB0D252A086A2E00D301E7 /* ChatsViewController.swift */; };
/* End PBXBuildFile section */

/* Begin PBXFileReference section */
		DA0AEA2A29E338C8005834F5 /* SegmentedControl + Extension.swift */ = {isa = PBXFileReference; lastKnownFileType = sourcecode.swift; path = "SegmentedControl + Extension.swift"; sourceTree = "<group>"; };
		DA0AEA2C29E344DF005834F5 /* ListViewController.swift */ = {isa = PBXFileReference; lastKnownFileType = sourcecode.swift; path = ListViewController.swift; sourceTree = "<group>"; };
		DA0AEA3029E346B0005834F5 /* MainTabBarController.swift */ = {isa = PBXFileReference; lastKnownFileType = sourcecode.swift; path = MainTabBarController.swift; sourceTree = "<group>"; };
		DA0AEA3229E346F4005834F5 /* PeopleViewController.swift */ = {isa = PBXFileReference; lastKnownFileType = sourcecode.swift; path = PeopleViewController.swift; sourceTree = "<group>"; };
		DA299DE829EF1386001F5131 /* ChatRequestViewController.swift */ = {isa = PBXFileReference; lastKnownFileType = sourcecode.swift; path = ChatRequestViewController.swift; sourceTree = "<group>"; };
		DA299DEA29F00E30001F5131 /* GoogleService-Info.plist */ = {isa = PBXFileReference; fileEncoding = 4; lastKnownFileType = text.plist.xml; path = "GoogleService-Info.plist"; sourceTree = "<group>"; };
		DA299DF629F05EBB001F5131 /* AuthService.swift */ = {isa = PBXFileReference; lastKnownFileType = sourcecode.swift; path = AuthService.swift; sourceTree = "<group>"; };
		DA299DF829F06723001F5131 /* Validators.swift */ = {isa = PBXFileReference; lastKnownFileType = sourcecode.swift; path = Validators.swift; sourceTree = "<group>"; };
		DA299DFA29F069B7001F5131 /* AuthError.swift */ = {isa = PBXFileReference; lastKnownFileType = sourcecode.swift; path = AuthError.swift; sourceTree = "<group>"; };
		DA2E860A29FC5316009133F6 /* StorageService.swift */ = {isa = PBXFileReference; lastKnownFileType = sourcecode.swift; path = StorageService.swift; sourceTree = "<group>"; };
		DA2E860C29FC55E7009133F6 /* UIImage + Extension.swift */ = {isa = PBXFileReference; lastKnownFileType = sourcecode.swift; path = "UIImage + Extension.swift"; sourceTree = "<group>"; };
		DA3193B229F13864008B03F8 /* AuthNavigationDelegate.swift */ = {isa = PBXFileReference; lastKnownFileType = sourcecode.swift; path = AuthNavigationDelegate.swift; sourceTree = "<group>"; };
		DA3193B429F13C7E008B03F8 /* FirestoreService.swift */ = {isa = PBXFileReference; lastKnownFileType = sourcecode.swift; path = FirestoreService.swift; sourceTree = "<group>"; };
		DA3193B929F13FC4008B03F8 /* UserError.swift */ = {isa = PBXFileReference; lastKnownFileType = sourcecode.swift; path = UserError.swift; sourceTree = "<group>"; };
		DA3A7C0729E1B87500662330 /* iMessenger.app */ = {isa = PBXFileReference; explicitFileType = wrapper.application; includeInIndex = 0; path = iMessenger.app; sourceTree = BUILT_PRODUCTS_DIR; };
		DA3A7C0A29E1B87500662330 /* AppDelegate.swift */ = {isa = PBXFileReference; lastKnownFileType = sourcecode.swift; path = AppDelegate.swift; sourceTree = "<group>"; };
		DA3A7C0C29E1B87500662330 /* SceneDelegate.swift */ = {isa = PBXFileReference; lastKnownFileType = sourcecode.swift; path = SceneDelegate.swift; sourceTree = "<group>"; };
		DA3A7C0E29E1B87500662330 /* AuthViewController.swift */ = {isa = PBXFileReference; lastKnownFileType = sourcecode.swift; path = AuthViewController.swift; sourceTree = "<group>"; };
		DA3A7C1329E1B87700662330 /* Assets.xcassets */ = {isa = PBXFileReference; lastKnownFileType = folder.assetcatalog; path = Assets.xcassets; sourceTree = "<group>"; };
		DA3A7C1629E1B87700662330 /* Base */ = {isa = PBXFileReference; lastKnownFileType = file.storyboard; name = Base; path = Base.lproj/LaunchScreen.storyboard; sourceTree = "<group>"; };
		DA3A7C1829E1B87700662330 /* Info.plist */ = {isa = PBXFileReference; lastKnownFileType = text.plist.xml; path = Info.plist; sourceTree = "<group>"; };
		DA3A7C1E29E1C4B300662330 /* UIButton + Extension.swift */ = {isa = PBXFileReference; lastKnownFileType = sourcecode.swift; path = "UIButton + Extension.swift"; sourceTree = "<group>"; };
		DA3A7C2029E1C79F00662330 /* UIFont + Extension.swift */ = {isa = PBXFileReference; lastKnownFileType = sourcecode.swift; path = "UIFont + Extension.swift"; sourceTree = "<group>"; };
		DA3A7C2429E1CCBD00662330 /* UILabel + Extension.swift */ = {isa = PBXFileReference; lastKnownFileType = sourcecode.swift; path = "UILabel + Extension.swift"; sourceTree = "<group>"; };
		DA3A7C2629E1CDE400662330 /* UIImageView + Extension.swift */ = {isa = PBXFileReference; lastKnownFileType = sourcecode.swift; path = "UIImageView + Extension.swift"; sourceTree = "<group>"; };
		DA3A7C2B29E1D33000662330 /* ButtonFormView.swift */ = {isa = PBXFileReference; lastKnownFileType = sourcecode.swift; path = ButtonFormView.swift; sourceTree = "<group>"; };
		DA3A7C2D29E1D80200662330 /* UIStackView + Extension.swift */ = {isa = PBXFileReference; lastKnownFileType = sourcecode.swift; path = "UIStackView + Extension.swift"; sourceTree = "<group>"; };
		DA3A7C2F29E1FCB000662330 /* SignUpViewController.swift */ = {isa = PBXFileReference; lastKnownFileType = sourcecode.swift; path = SignUpViewController.swift; sourceTree = "<group>"; };
		DA3A7C3129E2006D00662330 /* OneLineTextField.swift */ = {isa = PBXFileReference; lastKnownFileType = sourcecode.swift; path = OneLineTextField.swift; sourceTree = "<group>"; };
		DA3A7C3329E21ADC00662330 /* LoginViewController.swift */ = {isa = PBXFileReference; lastKnownFileType = sourcecode.swift; path = LoginViewController.swift; sourceTree = "<group>"; };
		DA3A7C3529E225FE00662330 /* SetupProfileViewController.swift */ = {isa = PBXFileReference; lastKnownFileType = sourcecode.swift; path = SetupProfileViewController.swift; sourceTree = "<group>"; };
		DA3A7C3729E228C900662330 /* AddPhotoView.swift */ = {isa = PBXFileReference; lastKnownFileType = sourcecode.swift; path = AddPhotoView.swift; sourceTree = "<group>"; };
		DA7326A929ED6E3900D01C56 /* UserCell.swift */ = {isa = PBXFileReference; lastKnownFileType = sourcecode.swift; path = UserCell.swift; sourceTree = "<group>"; };
		DA7326AB29ED6FED00D01C56 /* UIViewController + Extension.swift */ = {isa = PBXFileReference; lastKnownFileType = sourcecode.swift; path = "UIViewController + Extension.swift"; sourceTree = "<group>"; };
		DA7326AD29EDC3F900D01C56 /* ProfileViewController.swift */ = {isa = PBXFileReference; lastKnownFileType = sourcecode.swift; path = ProfileViewController.swift; sourceTree = "<group>"; };
		DA7326AF29EDCEBE00D01C56 /* InsertableTextField.swift */ = {isa = PBXFileReference; lastKnownFileType = sourcecode.swift; path = InsertableTextField.swift; sourceTree = "<group>"; };
		DA7326B129EDD2A200D01C56 /* UIView + Extention.swift */ = {isa = PBXFileReference; lastKnownFileType = sourcecode.swift; path = "UIView + Extention.swift"; sourceTree = "<group>"; };
		DA73AB4B29E8722A00E81FC3 /* ActiveChatCell.swift */ = {isa = PBXFileReference; lastKnownFileType = sourcecode.swift; path = ActiveChatCell.swift; sourceTree = "<group>"; };
		DA73AB4D29E8723C00E81FC3 /* WaitingChatCell.swift */ = {isa = PBXFileReference; lastKnownFileType = sourcecode.swift; path = WaitingChatCell.swift; sourceTree = "<group>"; };
		DA73AB4F29E8917400E81FC3 /* GradientView.swift */ = {isa = PBXFileReference; lastKnownFileType = sourcecode.swift; path = GradientView.swift; sourceTree = "<group>"; };
		DA73AB5129E8998F00E81FC3 /* SelfConfiguringCell.swift */ = {isa = PBXFileReference; lastKnownFileType = sourcecode.swift; path = SelfConfiguringCell.swift; sourceTree = "<group>"; };
		DAA43C8A2A33CC580011DB66 /* ProfileNavigation.swift */ = {isa = PBXFileReference; lastKnownFileType = sourcecode.swift; path = ProfileNavigation.swift; sourceTree = "<group>"; };
		DAA43C8C2A33D1AA0011DB66 /* ChatError.swift */ = {isa = PBXFileReference; lastKnownFileType = sourcecode.swift; path = ChatError.swift; sourceTree = "<group>"; };
		DAA43C8E2A371DFF0011DB66 /* ActivePlugCell.swift */ = {isa = PBXFileReference; lastKnownFileType = sourcecode.swift; path = ActivePlugCell.swift; sourceTree = "<group>"; };
		DAA43C902A3720A70011DB66 /* WaitingPlugCell.swift */ = {isa = PBXFileReference; lastKnownFileType = sourcecode.swift; path = WaitingPlugCell.swift; sourceTree = "<group>"; };
		DAAC1AB42A155EC500CCC6BF /* UIScrollView + Extension.swift */ = {isa = PBXFileReference; lastKnownFileType = sourcecode.swift; path = "UIScrollView + Extension.swift"; sourceTree = "<group>"; };
		DAB3DA1B29FF11B7009FF25F /* MMessage.swift */ = {isa = PBXFileReference; lastKnownFileType = sourcecode.swift; path = MMessage.swift; sourceTree = "<group>"; };
		DAB4654829E9DDE100DC15EE /* SectionHeader.swift */ = {isa = PBXFileReference; lastKnownFileType = sourcecode.swift; path = SectionHeader.swift; sourceTree = "<group>"; };
		DABFF25D29FAFC9800FAD63A /* UIApplication + Extension.swift */ = {isa = PBXFileReference; fileEncoding = 4; lastKnownFileType = sourcecode.swift; path = "UIApplication + Extension.swift"; sourceTree = "<group>"; };
		DAC1D57B2A17976500B2262E /* EyeButton.swift */ = {isa = PBXFileReference; lastKnownFileType = sourcecode.swift; path = EyeButton.swift; sourceTree = "<group>"; };
		DADB7A0429E7399E00EAD05E /* activeChats.json */ = {isa = PBXFileReference; fileEncoding = 4; lastKnownFileType = text.json; path = activeChats.json; sourceTree = "<group>"; };
		DADB7A0529E7399F00EAD05E /* waitingChats.json */ = {isa = PBXFileReference; fileEncoding = 4; lastKnownFileType = text.json; path = waitingChats.json; sourceTree = "<group>"; };
		DADB7A0829E739F700EAD05E /* Bundle-Decodable.swift */ = {isa = PBXFileReference; fileEncoding = 4; lastKnownFileType = sourcecode.swift; path = "Bundle-Decodable.swift"; sourceTree = "<group>"; };
		DAEFC24329FEF4EB00E07774 /* ListenerService.swift */ = {isa = PBXFileReference; lastKnownFileType = sourcecode.swift; path = ListenerService.swift; sourceTree = "<group>"; };
		DAF3E38C2A09887A008A1FFB /* MSender.swift */ = {isa = PBXFileReference; lastKnownFileType = sourcecode.swift; path = MSender.swift; sourceTree = "<group>"; };
		DAF7853729EC74D80057712C /* users.json */ = {isa = PBXFileReference; fileEncoding = 4; lastKnownFileType = text.json; path = users.json; sourceTree = "<group>"; };
		DAF7853B29EC76F10057712C /* MChat.swift */ = {isa = PBXFileReference; lastKnownFileType = sourcecode.swift; path = MChat.swift; sourceTree = "<group>"; };
		DAF7853D29EC76FC0057712C /* MUser.swift */ = {isa = PBXFileReference; lastKnownFileType = sourcecode.swift; path = MUser.swift; sourceTree = "<group>"; };
		DAFB0D1E2A083FEB00D301E7 /* WaitingChatNavigation.swift */ = {isa = PBXFileReference; lastKnownFileType = sourcecode.swift; path = WaitingChatNavigation.swift; sourceTree = "<group>"; };
		DAFB0D252A086A2E00D301E7 /* ChatsViewController.swift */ = {isa = PBXFileReference; lastKnownFileType = sourcecode.swift; path = ChatsViewController.swift; sourceTree = "<group>"; };
/* End PBXFileReference section */

/* Begin PBXFrameworksBuildPhase section */
		DA3A7C0429E1B87500662330 /* Frameworks */ = {
			isa = PBXFrameworksBuildPhase;
			buildActionMask = 2147483647;
			files = (
				DA299DF229F0105D001F5131 /* FirebaseDatabase in Frameworks */,
				DA299DF429F0105D001F5131 /* FirebaseStorage in Frameworks */,
				DAEFC24729FEFCD600E07774 /* SDWebImage in Frameworks */,
				DAFB0D222A08636600D301E7 /* MessageKit in Frameworks */,
				DA55DE3229F2B505000A739C /* GoogleSignInSwift in Frameworks */,
				DA299DEE29F0105D001F5131 /* FirebaseAnalytics in Frameworks */,
				DA3193B829F13D5A008B03F8 /* FirebaseFirestore in Frameworks */,
				DA299DF029F0105D001F5131 /* FirebaseAuth in Frameworks */,
				DA55DE3029F2AB0E000A739C /* GoogleSignIn in Frameworks */,
			);
			runOnlyForDeploymentPostprocessing = 0;
		};
/* End PBXFrameworksBuildPhase section */

/* Begin PBXGroup section */
		DA0AEA2E29E34644005834F5 /* SignIn&Auth */ = {
			isa = PBXGroup;
			children = (
				DA3A7C0E29E1B87500662330 /* AuthViewController.swift */,
				DA3A7C2F29E1FCB000662330 /* SignUpViewController.swift */,
				DA3A7C3329E21ADC00662330 /* LoginViewController.swift */,
				DA3A7C3529E225FE00662330 /* SetupProfileViewController.swift */,
			);
			path = "SignIn&Auth";
			sourceTree = "<group>";
		};
		DA0AEA2F29E34672005834F5 /* ViewControllers */ = {
			isa = PBXGroup;
			children = (
				DA0AEA3029E346B0005834F5 /* MainTabBarController.swift */,
				DA0AEA2C29E344DF005834F5 /* ListViewController.swift */,
				DA0AEA3229E346F4005834F5 /* PeopleViewController.swift */,
				DA7326AD29EDC3F900D01C56 /* ProfileViewController.swift */,
				DA299DE829EF1386001F5131 /* ChatRequestViewController.swift */,
				DAFB0D252A086A2E00D301E7 /* ChatsViewController.swift */,
				DA73AB4A29E871D600E81FC3 /* Cell */,
				DAF7853929EC753B0057712C /* Header */,
			);
			path = ViewControllers;
			sourceTree = "<group>";
		};
		DA299DF529F05E89001F5131 /* Services */ = {
			isa = PBXGroup;
			children = (
				DA299DF629F05EBB001F5131 /* AuthService.swift */,
				DA3193B429F13C7E008B03F8 /* FirestoreService.swift */,
				DA2E860A29FC5316009133F6 /* StorageService.swift */,
				DAEFC24329FEF4EB00E07774 /* ListenerService.swift */,
			);
			path = Services;
			sourceTree = "<group>";
		};
		DA299DFC29F07719001F5131 /* Helpers */ = {
			isa = PBXGroup;
			children = (
				DA299DF829F06723001F5131 /* Validators.swift */,
				DA299DFA29F069B7001F5131 /* AuthError.swift */,
				DA3193B929F13FC4008B03F8 /* UserError.swift */,
				DAA43C8C2A33D1AA0011DB66 /* ChatError.swift */,
			);
			path = Helpers;
			sourceTree = "<group>";
		};
		DA3193B629F13D5A008B03F8 /* Frameworks */ = {
			isa = PBXGroup;
			children = (
			);
			name = Frameworks;
			sourceTree = "<group>";
		};
		DA3A7BFE29E1B87500662330 = {
			isa = PBXGroup;
			children = (
				DA3A7C0929E1B87500662330 /* iMessenger */,
				DA3A7C0829E1B87500662330 /* Products */,
				DA3193B629F13D5A008B03F8 /* Frameworks */,
			);
			sourceTree = "<group>";
		};
		DA3A7C0829E1B87500662330 /* Products */ = {
			isa = PBXGroup;
			children = (
				DA3A7C0729E1B87500662330 /* iMessenger.app */,
			);
			name = Products;
			sourceTree = "<group>";
		};
		DA3A7C0929E1B87500662330 /* iMessenger */ = {
			isa = PBXGroup;
			children = (
				DA3A7C2A29E1D1A500662330 /* App */,
				DA299DF529F05E89001F5131 /* Services */,
				DAF7853A29EC76DC0057712C /* Models */,
				DA0AEA2E29E34644005834F5 /* SignIn&Auth */,
				DA0AEA2F29E34672005834F5 /* ViewControllers */,
				DA73AB5329E899BE00E81FC3 /* Protocols */,
				DA3A7C2929E1D17100662330 /* Extensions */,
				DA299DFC29F07719001F5131 /* Helpers */,
				DADB7A0529E7399F00EAD05E /* waitingChats.json */,
				DADB7A0429E7399E00EAD05E /* activeChats.json */,
				DAF7853729EC74D80057712C /* users.json */,
				DA3A7C1329E1B87700662330 /* Assets.xcassets */,
				DA3A7C1529E1B87700662330 /* LaunchScreen.storyboard */,
			);
			path = iMessenger;
			sourceTree = "<group>";
		};
		DA3A7C2829E1D15900662330 /* UIKit */ = {
			isa = PBXGroup;
			children = (
				DABFF25D29FAFC9800FAD63A /* UIApplication + Extension.swift */,
				DA3A7C2629E1CDE400662330 /* UIImageView + Extension.swift */,
				DA3A7C2429E1CCBD00662330 /* UILabel + Extension.swift */,
				DA3A7C2029E1C79F00662330 /* UIFont + Extension.swift */,
				DA3A7C1E29E1C4B300662330 /* UIButton + Extension.swift */,
				DA3A7C2D29E1D80200662330 /* UIStackView + Extension.swift */,
				DA0AEA2A29E338C8005834F5 /* SegmentedControl + Extension.swift */,
				DA7326AB29ED6FED00D01C56 /* UIViewController + Extension.swift */,
				DA7326B129EDD2A200D01C56 /* UIView + Extention.swift */,
				DA2E860C29FC55E7009133F6 /* UIImage + Extension.swift */,
				DAAC1AB42A155EC500CCC6BF /* UIScrollView + Extension.swift */,
			);
			path = UIKit;
			sourceTree = "<group>";
		};
		DA3A7C2929E1D17100662330 /* Extensions */ = {
			isa = PBXGroup;
			children = (
				DA3A7C3729E228C900662330 /* AddPhotoView.swift */,
				DA3A7C2B29E1D33000662330 /* ButtonFormView.swift */,
				DA3A7C3129E2006D00662330 /* OneLineTextField.swift */,
				DADB7A0829E739F700EAD05E /* Bundle-Decodable.swift */,
				DA73AB4F29E8917400E81FC3 /* GradientView.swift */,
				DAC1D57B2A17976500B2262E /* EyeButton.swift */,
				DA7326AF29EDCEBE00D01C56 /* InsertableTextField.swift */,
				DA3A7C2829E1D15900662330 /* UIKit */,
			);
			path = Extensions;
			sourceTree = "<group>";
		};
		DA3A7C2A29E1D1A500662330 /* App */ = {
			isa = PBXGroup;
			children = (
				DA3A7C0A29E1B87500662330 /* AppDelegate.swift */,
				DA3A7C0C29E1B87500662330 /* SceneDelegate.swift */,
				DA3A7C1829E1B87700662330 /* Info.plist */,
				DA299DEA29F00E30001F5131 /* GoogleService-Info.plist */,
			);
			path = App;
			sourceTree = "<group>";
		};
		DA73AB4A29E871D600E81FC3 /* Cell */ = {
			isa = PBXGroup;
			children = (
				DA73AB4B29E8722A00E81FC3 /* ActiveChatCell.swift */,
				DAA43C8E2A371DFF0011DB66 /* ActivePlugCell.swift */,
				DA73AB4D29E8723C00E81FC3 /* WaitingChatCell.swift */,
				DAA43C902A3720A70011DB66 /* WaitingPlugCell.swift */,
				DA7326A929ED6E3900D01C56 /* UserCell.swift */,
			);
			path = Cell;
			sourceTree = "<group>";
		};
		DA73AB5329E899BE00E81FC3 /* Protocols */ = {
			isa = PBXGroup;
			children = (
				DA73AB5129E8998F00E81FC3 /* SelfConfiguringCell.swift */,
				DA3193B229F13864008B03F8 /* AuthNavigationDelegate.swift */,
				DAFB0D1E2A083FEB00D301E7 /* WaitingChatNavigation.swift */,
				DAA43C8A2A33CC580011DB66 /* ProfileNavigation.swift */,
			);
			path = Protocols;
			sourceTree = "<group>";
		};
		DAF7853929EC753B0057712C /* Header */ = {
			isa = PBXGroup;
			children = (
				DAB4654829E9DDE100DC15EE /* SectionHeader.swift */,
			);
			path = Header;
			sourceTree = "<group>";
		};
		DAF7853A29EC76DC0057712C /* Models */ = {
			isa = PBXGroup;
			children = (
				DAF7853D29EC76FC0057712C /* MUser.swift */,
				DAF7853B29EC76F10057712C /* MChat.swift */,
				DAB3DA1B29FF11B7009FF25F /* MMessage.swift */,
				DAF3E38C2A09887A008A1FFB /* MSender.swift */,
			);
			path = Models;
			sourceTree = "<group>";
		};
/* End PBXGroup section */

/* Begin PBXNativeTarget section */
		DA3A7C0629E1B87500662330 /* iMessenger */ = {
			isa = PBXNativeTarget;
			buildConfigurationList = DA3A7C1B29E1B87700662330 /* Build configuration list for PBXNativeTarget "iMessenger" */;
			buildPhases = (
				DA3A7C0329E1B87500662330 /* Sources */,
				DA3A7C0429E1B87500662330 /* Frameworks */,
				DA3A7C0529E1B87500662330 /* Resources */,
			);
			buildRules = (
			);
			dependencies = (
			);
			name = iMessenger;
			packageProductDependencies = (
				DA299DED29F0105D001F5131 /* FirebaseAnalytics */,
				DA299DEF29F0105D001F5131 /* FirebaseAuth */,
				DA299DF129F0105D001F5131 /* FirebaseDatabase */,
				DA299DF329F0105D001F5131 /* FirebaseStorage */,
				DA3193B729F13D5A008B03F8 /* FirebaseFirestore */,
				DA55DE2F29F2AB0E000A739C /* GoogleSignIn */,
				DA55DE3129F2B505000A739C /* GoogleSignInSwift */,
				DAEFC24629FEFCD600E07774 /* SDWebImage */,
				DAFB0D212A08636600D301E7 /* MessageKit */,
			);
			productName = iMessenger;
			productReference = DA3A7C0729E1B87500662330 /* iMessenger.app */;
			productType = "com.apple.product-type.application";
		};
/* End PBXNativeTarget section */

/* Begin PBXProject section */
		DA3A7BFF29E1B87500662330 /* Project object */ = {
			isa = PBXProject;
			attributes = {
				BuildIndependentTargetsInParallel = 1;
				LastSwiftUpdateCheck = 1420;
				LastUpgradeCheck = 1420;
				TargetAttributes = {
					DA3A7C0629E1B87500662330 = {
						CreatedOnToolsVersion = 14.2;
					};
				};
			};
			buildConfigurationList = DA3A7C0229E1B87500662330 /* Build configuration list for PBXProject "iMessenger" */;
			compatibilityVersion = "Xcode 14.0";
			developmentRegion = en;
			hasScannedForEncodings = 0;
			knownRegions = (
				en,
				Base,
			);
			mainGroup = DA3A7BFE29E1B87500662330;
			packageReferences = (
				DA299DEC29F0105D001F5131 /* XCRemoteSwiftPackageReference "firebase-ios-sdk" */,
				DA55DE2E29F2AB0E000A739C /* XCRemoteSwiftPackageReference "GoogleSignIn-iOS" */,
				DAEFC24529FEFCD600E07774 /* XCRemoteSwiftPackageReference "SDWebImage" */,
				DAFB0D202A08636500D301E7 /* XCRemoteSwiftPackageReference "MessageKit" */,
			);
			productRefGroup = DA3A7C0829E1B87500662330 /* Products */;
			projectDirPath = "";
			projectRoot = "";
			targets = (
				DA3A7C0629E1B87500662330 /* iMessenger */,
			);
		};
/* End PBXProject section */

/* Begin PBXResourcesBuildPhase section */
		DA3A7C0529E1B87500662330 /* Resources */ = {
			isa = PBXResourcesBuildPhase;
			buildActionMask = 2147483647;
			files = (
				DAF7853829EC74D90057712C /* users.json in Resources */,
				DA3A7C1729E1B87700662330 /* LaunchScreen.storyboard in Resources */,
				DADB7A0629E7399F00EAD05E /* activeChats.json in Resources */,
				DA3A7C1429E1B87700662330 /* Assets.xcassets in Resources */,
				DADB7A0729E7399F00EAD05E /* waitingChats.json in Resources */,
				DA299DEB29F00E30001F5131 /* GoogleService-Info.plist in Resources */,
			);
			runOnlyForDeploymentPostprocessing = 0;
		};
/* End PBXResourcesBuildPhase section */

/* Begin PBXSourcesBuildPhase section */
		DA3A7C0329E1B87500662330 /* Sources */ = {
			isa = PBXSourcesBuildPhase;
			buildActionMask = 2147483647;
			files = (
				DA3193B329F13864008B03F8 /* AuthNavigationDelegate.swift in Sources */,
				DA0AEA2B29E338C8005834F5 /* SegmentedControl + Extension.swift in Sources */,
				DA3A7C3429E21ADC00662330 /* LoginViewController.swift in Sources */,
				DA3193BA29F13FC4008B03F8 /* UserError.swift in Sources */,
				DA299DE929EF1386001F5131 /* ChatRequestViewController.swift in Sources */,
				DAEFC24429FEF4EB00E07774 /* ListenerService.swift in Sources */,
				DA2E860B29FC5317009133F6 /* StorageService.swift in Sources */,
				DAFB0D262A086A2E00D301E7 /* ChatsViewController.swift in Sources */,
				DA73AB5029E8917400E81FC3 /* GradientView.swift in Sources */,
				DA3A7C2E29E1D80200662330 /* UIStackView + Extension.swift in Sources */,
				DAA43C8F2A371DFF0011DB66 /* ActivePlugCell.swift in Sources */,
				DA7326B029EDCEBE00D01C56 /* InsertableTextField.swift in Sources */,
				DA73AB4C29E8722A00E81FC3 /* ActiveChatCell.swift in Sources */,
				DA7326AA29ED6E3900D01C56 /* UserCell.swift in Sources */,
				DA3A7C2529E1CCBD00662330 /* UILabel + Extension.swift in Sources */,
				DAF7853E29EC76FC0057712C /* MUser.swift in Sources */,
				DA3A7C2129E1C79F00662330 /* UIFont + Extension.swift in Sources */,
				DA0AEA3329E346F4005834F5 /* PeopleViewController.swift in Sources */,
				DA7326AC29ED6FED00D01C56 /* UIViewController + Extension.swift in Sources */,
				DA3A7C2C29E1D33000662330 /* ButtonFormView.swift in Sources */,
				DA3A7C3029E1FCB000662330 /* SignUpViewController.swift in Sources */,
				DAA43C8D2A33D1AA0011DB66 /* ChatError.swift in Sources */,
				DA7326AE29EDC3F900D01C56 /* ProfileViewController.swift in Sources */,
				DAAC1AB52A155EC500CCC6BF /* UIScrollView + Extension.swift in Sources */,
				DA3A7C0F29E1B87500662330 /* AuthViewController.swift in Sources */,
				DA7326B229EDD2A200D01C56 /* UIView + Extention.swift in Sources */,
				DAFB0D1F2A083FEB00D301E7 /* WaitingChatNavigation.swift in Sources */,
				DA73AB5229E8998F00E81FC3 /* SelfConfiguringCell.swift in Sources */,
				DA3A7C3229E2006D00662330 /* OneLineTextField.swift in Sources */,
				DA3A7C3629E225FE00662330 /* SetupProfileViewController.swift in Sources */,
				DA3A7C3829E228C900662330 /* AddPhotoView.swift in Sources */,
				DA3A7C0B29E1B87500662330 /* AppDelegate.swift in Sources */,
				DA3193B529F13C7E008B03F8 /* FirestoreService.swift in Sources */,
				DAB3DA1C29FF11B7009FF25F /* MMessage.swift in Sources */,
				DA73AB4E29E8723C00E81FC3 /* WaitingChatCell.swift in Sources */,
				DA3A7C0D29E1B87500662330 /* SceneDelegate.swift in Sources */,
				DA3A7C2729E1CDE400662330 /* UIImageView + Extension.swift in Sources */,
				DA299DF929F06723001F5131 /* Validators.swift in Sources */,
				DA0AEA2D29E344DF005834F5 /* ListViewController.swift in Sources */,
				DA2E860D29FC55E7009133F6 /* UIImage + Extension.swift in Sources */,
				DAA43C8B2A33CC580011DB66 /* ProfileNavigation.swift in Sources */,
				DABFF25E29FAFC9800FAD63A /* UIApplication + Extension.swift in Sources */,
				DA299DF729F05EBB001F5131 /* AuthService.swift in Sources */,
				DAB4654929E9DDE100DC15EE /* SectionHeader.swift in Sources */,
				DAC1D57C2A17976500B2262E /* EyeButton.swift in Sources */,
				DAF7853C29EC76F10057712C /* MChat.swift in Sources */,
				DA3A7C1F29E1C4B300662330 /* UIButton + Extension.swift in Sources */,
				DAF3E38D2A09887A008A1FFB /* MSender.swift in Sources */,
				DA0AEA3129E346B0005834F5 /* MainTabBarController.swift in Sources */,
				DADB7A0929E739F700EAD05E /* Bundle-Decodable.swift in Sources */,
				DA299DFB29F069B7001F5131 /* AuthError.swift in Sources */,
				DAA43C912A3720A70011DB66 /* WaitingPlugCell.swift in Sources */,
			);
			runOnlyForDeploymentPostprocessing = 0;
		};
/* End PBXSourcesBuildPhase section */

/* Begin PBXVariantGroup section */
		DA3A7C1529E1B87700662330 /* LaunchScreen.storyboard */ = {
			isa = PBXVariantGroup;
			children = (
				DA3A7C1629E1B87700662330 /* Base */,
			);
			name = LaunchScreen.storyboard;
			sourceTree = "<group>";
		};
/* End PBXVariantGroup section */

/* Begin XCBuildConfiguration section */
		DA3A7C1929E1B87700662330 /* Debug */ = {
			isa = XCBuildConfiguration;
			buildSettings = {
				ALWAYS_SEARCH_USER_PATHS = NO;
				CLANG_ANALYZER_NONNULL = YES;
				CLANG_ANALYZER_NUMBER_OBJECT_CONVERSION = YES_AGGRESSIVE;
				CLANG_CXX_LANGUAGE_STANDARD = "gnu++20";
				CLANG_ENABLE_MODULES = YES;
				CLANG_ENABLE_OBJC_ARC = YES;
				CLANG_ENABLE_OBJC_WEAK = YES;
				CLANG_WARN_BLOCK_CAPTURE_AUTORELEASING = YES;
				CLANG_WARN_BOOL_CONVERSION = YES;
				CLANG_WARN_COMMA = YES;
				CLANG_WARN_CONSTANT_CONVERSION = YES;
				CLANG_WARN_DEPRECATED_OBJC_IMPLEMENTATIONS = YES;
				CLANG_WARN_DIRECT_OBJC_ISA_USAGE = YES_ERROR;
				CLANG_WARN_DOCUMENTATION_COMMENTS = YES;
				CLANG_WARN_EMPTY_BODY = YES;
				CLANG_WARN_ENUM_CONVERSION = YES;
				CLANG_WARN_INFINITE_RECURSION = YES;
				CLANG_WARN_INT_CONVERSION = YES;
				CLANG_WARN_NON_LITERAL_NULL_CONVERSION = YES;
				CLANG_WARN_OBJC_IMPLICIT_RETAIN_SELF = YES;
				CLANG_WARN_OBJC_LITERAL_CONVERSION = YES;
				CLANG_WARN_OBJC_ROOT_CLASS = YES_ERROR;
				CLANG_WARN_QUOTED_INCLUDE_IN_FRAMEWORK_HEADER = YES;
				CLANG_WARN_RANGE_LOOP_ANALYSIS = YES;
				CLANG_WARN_STRICT_PROTOTYPES = YES;
				CLANG_WARN_SUSPICIOUS_MOVE = YES;
				CLANG_WARN_UNGUARDED_AVAILABILITY = YES_AGGRESSIVE;
				CLANG_WARN_UNREACHABLE_CODE = YES;
				CLANG_WARN__DUPLICATE_METHOD_MATCH = YES;
				COPY_PHASE_STRIP = NO;
				DEBUG_INFORMATION_FORMAT = dwarf;
				ENABLE_STRICT_OBJC_MSGSEND = YES;
				ENABLE_TESTABILITY = YES;
				GCC_C_LANGUAGE_STANDARD = gnu11;
				GCC_DYNAMIC_NO_PIC = NO;
				GCC_NO_COMMON_BLOCKS = YES;
				GCC_OPTIMIZATION_LEVEL = 0;
				GCC_PREPROCESSOR_DEFINITIONS = (
					"DEBUG=1",
					"$(inherited)",
				);
				GCC_WARN_64_TO_32_BIT_CONVERSION = YES;
				GCC_WARN_ABOUT_RETURN_TYPE = YES_ERROR;
				GCC_WARN_UNDECLARED_SELECTOR = YES;
				GCC_WARN_UNINITIALIZED_AUTOS = YES_AGGRESSIVE;
				GCC_WARN_UNUSED_FUNCTION = YES;
				GCC_WARN_UNUSED_VARIABLE = YES;
				IPHONEOS_DEPLOYMENT_TARGET = 16.2;
				MTL_ENABLE_DEBUG_INFO = INCLUDE_SOURCE;
				MTL_FAST_MATH = YES;
				ONLY_ACTIVE_ARCH = YES;
				SDKROOT = iphoneos;
				SWIFT_ACTIVE_COMPILATION_CONDITIONS = DEBUG;
				SWIFT_OPTIMIZATION_LEVEL = "-Onone";
			};
			name = Debug;
		};
		DA3A7C1A29E1B87700662330 /* Release */ = {
			isa = XCBuildConfiguration;
			buildSettings = {
				ALWAYS_SEARCH_USER_PATHS = NO;
				CLANG_ANALYZER_NONNULL = YES;
				CLANG_ANALYZER_NUMBER_OBJECT_CONVERSION = YES_AGGRESSIVE;
				CLANG_CXX_LANGUAGE_STANDARD = "gnu++20";
				CLANG_ENABLE_MODULES = YES;
				CLANG_ENABLE_OBJC_ARC = YES;
				CLANG_ENABLE_OBJC_WEAK = YES;
				CLANG_WARN_BLOCK_CAPTURE_AUTORELEASING = YES;
				CLANG_WARN_BOOL_CONVERSION = YES;
				CLANG_WARN_COMMA = YES;
				CLANG_WARN_CONSTANT_CONVERSION = YES;
				CLANG_WARN_DEPRECATED_OBJC_IMPLEMENTATIONS = YES;
				CLANG_WARN_DIRECT_OBJC_ISA_USAGE = YES_ERROR;
				CLANG_WARN_DOCUMENTATION_COMMENTS = YES;
				CLANG_WARN_EMPTY_BODY = YES;
				CLANG_WARN_ENUM_CONVERSION = YES;
				CLANG_WARN_INFINITE_RECURSION = YES;
				CLANG_WARN_INT_CONVERSION = YES;
				CLANG_WARN_NON_LITERAL_NULL_CONVERSION = YES;
				CLANG_WARN_OBJC_IMPLICIT_RETAIN_SELF = YES;
				CLANG_WARN_OBJC_LITERAL_CONVERSION = YES;
				CLANG_WARN_OBJC_ROOT_CLASS = YES_ERROR;
				CLANG_WARN_QUOTED_INCLUDE_IN_FRAMEWORK_HEADER = YES;
				CLANG_WARN_RANGE_LOOP_ANALYSIS = YES;
				CLANG_WARN_STRICT_PROTOTYPES = YES;
				CLANG_WARN_SUSPICIOUS_MOVE = YES;
				CLANG_WARN_UNGUARDED_AVAILABILITY = YES_AGGRESSIVE;
				CLANG_WARN_UNREACHABLE_CODE = YES;
				CLANG_WARN__DUPLICATE_METHOD_MATCH = YES;
				COPY_PHASE_STRIP = NO;
				DEBUG_INFORMATION_FORMAT = "dwarf-with-dsym";
				ENABLE_NS_ASSERTIONS = NO;
				ENABLE_STRICT_OBJC_MSGSEND = YES;
				GCC_C_LANGUAGE_STANDARD = gnu11;
				GCC_NO_COMMON_BLOCKS = YES;
				GCC_WARN_64_TO_32_BIT_CONVERSION = YES;
				GCC_WARN_ABOUT_RETURN_TYPE = YES_ERROR;
				GCC_WARN_UNDECLARED_SELECTOR = YES;
				GCC_WARN_UNINITIALIZED_AUTOS = YES_AGGRESSIVE;
				GCC_WARN_UNUSED_FUNCTION = YES;
				GCC_WARN_UNUSED_VARIABLE = YES;
				IPHONEOS_DEPLOYMENT_TARGET = 16.2;
				MTL_ENABLE_DEBUG_INFO = NO;
				MTL_FAST_MATH = YES;
				SDKROOT = iphoneos;
				SWIFT_COMPILATION_MODE = wholemodule;
				SWIFT_OPTIMIZATION_LEVEL = "-O";
				VALIDATE_PRODUCT = YES;
			};
			name = Release;
		};
		DA3A7C1C29E1B87700662330 /* Debug */ = {
			isa = XCBuildConfiguration;
			buildSettings = {
				ASSETCATALOG_COMPILER_APPICON_NAME = AppIcon;
				ASSETCATALOG_COMPILER_GLOBAL_ACCENT_COLOR_NAME = AccentColor;
				CODE_SIGN_STYLE = Automatic;
				CURRENT_PROJECT_VERSION = 1;
				DEVELOPMENT_TEAM = 9M963S5SV4;
				GENERATE_INFOPLIST_FILE = YES;
				INFOPLIST_FILE = iMessenger/App/Info.plist;
				INFOPLIST_KEY_UIApplicationSupportsIndirectInputEvents = YES;
				INFOPLIST_KEY_UILaunchStoryboardName = LaunchScreen.storyboard;
				INFOPLIST_KEY_UIMainStoryboardFile = "";
				INFOPLIST_KEY_UISupportedInterfaceOrientations = UIInterfaceOrientationPortrait;
				INFOPLIST_KEY_UISupportedInterfaceOrientations_iPad = "UIInterfaceOrientationLandscapeLeft UIInterfaceOrientationLandscapeRight UIInterfaceOrientationPortrait UIInterfaceOrientationPortraitUpsideDown";
				IPHONEOS_DEPLOYMENT_TARGET = 15.0;
				LD_RUNPATH_SEARCH_PATHS = (
					"$(inherited)",
					"@executable_path/Frameworks",
				);
				MARKETING_VERSION = 1.0;
				PRODUCT_BUNDLE_IDENTIFIER = "Nikita-Chekan.iMessenger";
				PRODUCT_NAME = "$(TARGET_NAME)";
				SUPPORTED_PLATFORMS = "iphoneos iphonesimulator";
				SUPPORTS_MACCATALYST = NO;
				SUPPORTS_MAC_DESIGNED_FOR_IPHONE_IPAD = NO;
				SWIFT_EMIT_LOC_STRINGS = YES;
				SWIFT_VERSION = 5.0;
				TARGETED_DEVICE_FAMILY = 1;
			};
			name = Debug;
		};
		DA3A7C1D29E1B87700662330 /* Release */ = {
			isa = XCBuildConfiguration;
			buildSettings = {
				ASSETCATALOG_COMPILER_APPICON_NAME = AppIcon;
				ASSETCATALOG_COMPILER_GLOBAL_ACCENT_COLOR_NAME = AccentColor;
				CODE_SIGN_STYLE = Automatic;
				CURRENT_PROJECT_VERSION = 1;
				DEVELOPMENT_TEAM = 9M963S5SV4;
				GENERATE_INFOPLIST_FILE = YES;
				INFOPLIST_FILE = iMessenger/App/Info.plist;
				INFOPLIST_KEY_UIApplicationSupportsIndirectInputEvents = YES;
				INFOPLIST_KEY_UILaunchStoryboardName = LaunchScreen.storyboard;
				INFOPLIST_KEY_UIMainStoryboardFile = "";
				INFOPLIST_KEY_UISupportedInterfaceOrientations = UIInterfaceOrientationPortrait;
				INFOPLIST_KEY_UISupportedInterfaceOrientations_iPad = "UIInterfaceOrientationLandscapeLeft UIInterfaceOrientationLandscapeRight UIInterfaceOrientationPortrait UIInterfaceOrientationPortraitUpsideDown";
				IPHONEOS_DEPLOYMENT_TARGET = 15.0;
				LD_RUNPATH_SEARCH_PATHS = (
					"$(inherited)",
					"@executable_path/Frameworks",
				);
				MARKETING_VERSION = 1.0;
				PRODUCT_BUNDLE_IDENTIFIER = "Nikita-Chekan.iMessenger";
				PRODUCT_NAME = "$(TARGET_NAME)";
				SUPPORTED_PLATFORMS = "iphoneos iphonesimulator";
				SUPPORTS_MACCATALYST = NO;
				SUPPORTS_MAC_DESIGNED_FOR_IPHONE_IPAD = NO;
				SWIFT_EMIT_LOC_STRINGS = YES;
				SWIFT_VERSION = 5.0;
				TARGETED_DEVICE_FAMILY = 1;
			};
			name = Release;
		};
/* End XCBuildConfiguration section */

/* Begin XCConfigurationList section */
		DA3A7C0229E1B87500662330 /* Build configuration list for PBXProject "iMessenger" */ = {
			isa = XCConfigurationList;
			buildConfigurations = (
				DA3A7C1929E1B87700662330 /* Debug */,
				DA3A7C1A29E1B87700662330 /* Release */,
			);
			defaultConfigurationIsVisible = 0;
			defaultConfigurationName = Release;
		};
		DA3A7C1B29E1B87700662330 /* Build configuration list for PBXNativeTarget "iMessenger" */ = {
			isa = XCConfigurationList;
			buildConfigurations = (
				DA3A7C1C29E1B87700662330 /* Debug */,
				DA3A7C1D29E1B87700662330 /* Release */,
			);
			defaultConfigurationIsVisible = 0;
			defaultConfigurationName = Release;
		};
/* End XCConfigurationList section */

/* Begin XCRemoteSwiftPackageReference section */
		DA299DEC29F0105D001F5131 /* XCRemoteSwiftPackageReference "firebase-ios-sdk" */ = {
			isa = XCRemoteSwiftPackageReference;
			repositoryURL = "https://github.com/firebase/firebase-ios-sdk";
			requirement = {
				kind = upToNextMajorVersion;
				minimumVersion = 9.0.0;
			};
		};
		DA55DE2E29F2AB0E000A739C /* XCRemoteSwiftPackageReference "GoogleSignIn-iOS" */ = {
			isa = XCRemoteSwiftPackageReference;
			repositoryURL = "https://github.com/google/GoogleSignIn-iOS";
			requirement = {
				kind = upToNextMajorVersion;
				minimumVersion = 7.0.0;
			};
		};
		DAEFC24529FEFCD600E07774 /* XCRemoteSwiftPackageReference "SDWebImage" */ = {
			isa = XCRemoteSwiftPackageReference;
			repositoryURL = "https://github.com/SDWebImage/SDWebImage.git";
			requirement = {
				branch = master;
				kind = branch;
			};
		};
		DAFB0D202A08636500D301E7 /* XCRemoteSwiftPackageReference "MessageKit" */ = {
			isa = XCRemoteSwiftPackageReference;
			repositoryURL = "https://github.com/MessageKit/MessageKit";
			requirement = {
				kind = upToNextMajorVersion;
				minimumVersion = 4.0.0;
			};
		};
/* End XCRemoteSwiftPackageReference section */

/* Begin XCSwiftPackageProductDependency section */
		DA299DED29F0105D001F5131 /* FirebaseAnalytics */ = {
			isa = XCSwiftPackageProductDependency;
			package = DA299DEC29F0105D001F5131 /* XCRemoteSwiftPackageReference "firebase-ios-sdk" */;
			productName = FirebaseAnalytics;
		};
		DA299DEF29F0105D001F5131 /* FirebaseAuth */ = {
			isa = XCSwiftPackageProductDependency;
			package = DA299DEC29F0105D001F5131 /* XCRemoteSwiftPackageReference "firebase-ios-sdk" */;
			productName = FirebaseAuth;
		};
		DA299DF129F0105D001F5131 /* FirebaseDatabase */ = {
			isa = XCSwiftPackageProductDependency;
			package = DA299DEC29F0105D001F5131 /* XCRemoteSwiftPackageReference "firebase-ios-sdk" */;
			productName = FirebaseDatabase;
		};
		DA299DF329F0105D001F5131 /* FirebaseStorage */ = {
			isa = XCSwiftPackageProductDependency;
			package = DA299DEC29F0105D001F5131 /* XCRemoteSwiftPackageReference "firebase-ios-sdk" */;
			productName = FirebaseStorage;
		};
		DA3193B729F13D5A008B03F8 /* FirebaseFirestore */ = {
			isa = XCSwiftPackageProductDependency;
			package = DA299DEC29F0105D001F5131 /* XCRemoteSwiftPackageReference "firebase-ios-sdk" */;
			productName = FirebaseFirestore;
		};
		DA55DE2F29F2AB0E000A739C /* GoogleSignIn */ = {
			isa = XCSwiftPackageProductDependency;
			package = DA55DE2E29F2AB0E000A739C /* XCRemoteSwiftPackageReference "GoogleSignIn-iOS" */;
			productName = GoogleSignIn;
		};
		DA55DE3129F2B505000A739C /* GoogleSignInSwift */ = {
			isa = XCSwiftPackageProductDependency;
			package = DA55DE2E29F2AB0E000A739C /* XCRemoteSwiftPackageReference "GoogleSignIn-iOS" */;
			productName = GoogleSignInSwift;
		};
		DAEFC24629FEFCD600E07774 /* SDWebImage */ = {
			isa = XCSwiftPackageProductDependency;
			package = DAEFC24529FEFCD600E07774 /* XCRemoteSwiftPackageReference "SDWebImage" */;
			productName = SDWebImage;
		};
		DAFB0D212A08636600D301E7 /* MessageKit */ = {
			isa = XCSwiftPackageProductDependency;
			package = DAFB0D202A08636500D301E7 /* XCRemoteSwiftPackageReference "MessageKit" */;
			productName = MessageKit;
		};
/* End XCSwiftPackageProductDependency section */
	};
	rootObject = DA3A7BFF29E1B87500662330 /* Project object */;
}
